
Microsoft Visual Studio Solution File, Format Version 12.00
# Visual Studio 2012
# Clarion 2.1.0.2447
Project("{12B76EC0-1D7B-4FA7-A7D0-C524288B48A1}") = "StimRFDemo", "StimRFDemo.cwproj", "{D7C41047-2262-4762-A150-A5A064B819DA}"
EndProject
Project("{2150E333-8FDC-42A3-9474-1A3956D46DE8}") = "Solution Items", "Solution Items", "{{2150E333-8FDC-42A3-9474-1A3956D46DE8}}"
	ProjectSection(SolutionItems) = postProject
		StimRFDemo.app = StimRFDemo.app
	EndProjectSection
EndProject
Project("{2150E333-8FDC-42A3-9474-1A3956D46DE8}") = "-Classes", "-Classes", "{55046228-B5CB-46DB-97B5-AE88C2652063}"
	ProjectSection(SolutionItems) = postProject
		..\..\Source\SharedClasses\UltimateStimulsoft.clw = ..\..\Source\SharedClasses\UltimateStimulsoft.clw
		..\..\Source\SharedClasses\UltimateStimulsoft.inc = ..\..\Source\SharedClasses\UltimateStimulsoft.inc
	EndProjectSection
EndProject
Project("{2150E333-8FDC-42A3-9474-1A3956D46DE8}") = "-Templates", "-Templates", "{CB2553B8-C59B-4506-B260-28D1B8B8D4EA}"
	ProjectSection(SolutionItems) = postProject
		..\..\Source\SharedTemplates\UltimateStimulsoft.tpl = ..\..\Source\SharedTemplates\UltimateStimulsoft.tpl
		..\..\Source\SharedTemplates\UltimateStimulsoft.tpw = ..\..\Source\SharedTemplates\UltimateStimulsoft.tpw
	EndProjectSection
EndProject
Global
	GlobalSection(SolutionConfigurationPlatforms) = preSolution
		Debug|Win32 = Debug|Win32
		Release|Win32 = Release|Win32
	EndGlobalSection
	GlobalSection(ProjectConfigurationPlatforms) = postSolution
		{D7C41047-2262-4762-A150-A5A064B819DA}.Debug|Win32.Build.0 = Debug|Win32
		{D7C41047-2262-4762-A150-A5A064B819DA}.Debug|Win32.ActiveCfg = Debug|Win32
		{D7C41047-2262-4762-A150-A5A064B819DA}.Release|Win32.Build.0 = Release|Win32
		{D7C41047-2262-4762-A150-A5A064B819DA}.Release|Win32.ActiveCfg = Release|Win32
	EndGlobalSection
EndGlobal
